
Microsoft Visual Studio Solution File, Format Version 12.00
# Visual Studio Version 16
VisualStudioVersion = 16.0.31129.286
MinimumVisualStudioVersion = 10.0.40219.1
Project("{FAE04EC0-301F-11D3-BF4B-00C04F79EFBC}") = "CalculoFormulaBhaskara", "CalculoFormulaBhaskara.csproj", "{F8134AB7-B350-4B00-BBB1-EDF81454F167}"
EndProject
Global
	GlobalSection(SolutionConfigurationPlatforms) = preSolution
		Debug|Any CPU = Debug|Any CPU
		Release|Any CPU = Release|Any CPU
	EndGlobalSection
	GlobalSection(ProjectConfigurationPlatforms) = postSolution
		{F8134AB7-B350-4B00-BBB1-EDF81454F167}.Debug|Any CPU.ActiveCfg = Debug|Any CPU
		{F8134AB7-B350-4B00-BBB1-EDF81454F167}.Debug|Any CPU.Build.0 = Debug|Any CPU
		{F8134AB7-B350-4B00-BBB1-EDF81454F167}.Release|Any CPU.ActiveCfg = Release|Any CPU
		{F8134AB7-B350-4B00-BBB1-EDF81454F167}.Release|Any CPU.Build.0 = Release|Any CPU
	EndGlobalSection
	GlobalSection(SolutionProperties) = preSolution
		HideSolutionNode = FALSE
	EndGlobalSection
	GlobalSection(ExtensibilityGlobals) = postSolution
		SolutionGuid = {77DD3BC3-33CE-43EB-A2B6-2F62804940B0}
	EndGlobalSection
EndGlobal
