
Microsoft Visual Studio Solution File, Format Version 12.00
# Visual Studio Version 16
VisualStudioVersion = 16.0.31410.357
MinimumVisualStudioVersion = 10.0.40219.1
Project("{FAE04EC0-301F-11D3-BF4B-00C04F79EFBC}") = "CondicaoTriangulo", "CondicaoTriangulo\CondicaoTriangulo.csproj", "{802A8533-379E-41C2-B941-540B15F699D8}"
EndProject
Global
	GlobalSection(SolutionConfigurationPlatforms) = preSolution
		Debug|Any CPU = Debug|Any CPU
		Release|Any CPU = Release|Any CPU
	EndGlobalSection
	GlobalSection(ProjectConfigurationPlatforms) = postSolution
		{802A8533-379E-41C2-B941-540B15F699D8}.Debug|Any CPU.ActiveCfg = Debug|Any CPU
		{802A8533-379E-41C2-B941-540B15F699D8}.Debug|Any CPU.Build.0 = Debug|Any CPU
		{802A8533-379E-41C2-B941-540B15F699D8}.Release|Any CPU.ActiveCfg = Release|Any CPU
		{802A8533-379E-41C2-B941-540B15F699D8}.Release|Any CPU.Build.0 = Release|Any CPU
	EndGlobalSection
	GlobalSection(SolutionProperties) = preSolution
		HideSolutionNode = FALSE
	EndGlobalSection
	GlobalSection(ExtensibilityGlobals) = postSolution
		SolutionGuid = {57AD1594-DB84-4C1A-BAC8-E29B38130CAA}
	EndGlobalSection
EndGlobal
