
Microsoft Visual Studio Solution File, Format Version 12.00
# Visual Studio Version 16
VisualStudioVersion = 16.0.31129.286
MinimumVisualStudioVersion = 10.0.40219.1
Project("{FAE04EC0-301F-11D3-BF4B-00C04F79EFBC}") = "ConversorTemperatura", "ConversorTemperatura.csproj", "{4937E4AB-E977-49B7-BFF3-12E4283549D1}"
EndProject
Global
	GlobalSection(SolutionConfigurationPlatforms) = preSolution
		Debug|Any CPU = Debug|Any CPU
		Release|Any CPU = Release|Any CPU
	EndGlobalSection
	GlobalSection(ProjectConfigurationPlatforms) = postSolution
		{4937E4AB-E977-49B7-BFF3-12E4283549D1}.Debug|Any CPU.ActiveCfg = Debug|Any CPU
		{4937E4AB-E977-49B7-BFF3-12E4283549D1}.Debug|Any CPU.Build.0 = Debug|Any CPU
		{4937E4AB-E977-49B7-BFF3-12E4283549D1}.Release|Any CPU.ActiveCfg = Release|Any CPU
		{4937E4AB-E977-49B7-BFF3-12E4283549D1}.Release|Any CPU.Build.0 = Release|Any CPU
	EndGlobalSection
	GlobalSection(SolutionProperties) = preSolution
		HideSolutionNode = FALSE
	EndGlobalSection
	GlobalSection(ExtensibilityGlobals) = postSolution
		SolutionGuid = {F76B653B-5313-4411-910E-EB9844ED65C1}
	EndGlobalSection
EndGlobal
